// !$*UTF8*$!
{
	archiveVersion = 1;
	classes = {
	};
	objectVersion = 50;
	objects = {

/* Begin PBXBuildFile section */
		D650D06A22560D330062A74D /* AppDelegate.swift in Sources */ = {isa = PBXBuildFile; fileRef = D650D06922560D320062A74D /* AppDelegate.swift */; };
		D650D06C22560D330062A74D /* ViewController.swift in Sources */ = {isa = PBXBuildFile; fileRef = D650D06B22560D330062A74D /* ViewController.swift */; };
		D650D06F22560D330062A74D /* Main.storyboard in Resources */ = {isa = PBXBuildFile; fileRef = D650D06D22560D330062A74D /* Main.storyboard */; };
		D650D07222560D330062A74D /* CatHeadIndicator.xcdatamodeld in Sources */ = {isa = PBXBuildFile; fileRef = D650D07022560D330062A74D /* CatHeadIndicator.xcdatamodeld */; };
		D650D07422560D390062A74D /* Assets.xcassets in Resources */ = {isa = PBXBuildFile; fileRef = D650D07322560D390062A74D /* Assets.xcassets */; };
		D650D07722560D390062A74D /* LaunchScreen.storyboard in Resources */ = {isa = PBXBuildFile; fileRef = D650D07522560D390062A74D /* LaunchScreen.storyboard */; };
/* End PBXBuildFile section */

/* Begin PBXFileReference section */
		D650D06622560D320062A74D /* CatHeadIndicator.app */ = {isa = PBXFileReference; explicitFileType = wrapper.application; includeInIndex = 0; path = CatHeadIndicator.app; sourceTree = BUILT_PRODUCTS_DIR; };
		D650D06922560D320062A74D /* AppDelegate.swift */ = {isa = PBXFileReference; lastKnownFileType = sourcecode.swift; path = AppDelegate.swift; sourceTree = "<group>"; };
		D650D06B22560D330062A74D /* ViewController.swift */ = {isa = PBXFileReference; lastKnownFileType = sourcecode.swift; path = ViewController.swift; sourceTree = "<group>"; };
		D650D06E22560D330062A74D /* Base */ = {isa = PBXFileReference; lastKnownFileType = file.storyboard; name = Base; path = Base.lproj/Main.storyboard; sourceTree = "<group>"; };
		D650D07122560D330062A74D /* CatHeadIndicator.xcdatamodel */ = {isa = PBXFileReference; lastKnownFileType = wrapper.xcdatamodel; path = CatHeadIndicator.xcdatamodel; sourceTree = "<group>"; };
		D650D07322560D390062A74D /* Assets.xcassets */ = {isa = PBXFileReference; lastKnownFileType = folder.assetcatalog; path = Assets.xcassets; sourceTree = "<group>"; };
		D650D07622560D390062A74D /* Base */ = {isa = PBXFileReference; lastKnownFileType = file.storyboard; name = Base; path = Base.lproj/LaunchScreen.storyboard; sourceTree = "<group>"; };
		D650D07822560D390062A74D /* Info.plist */ = {isa = PBXFileReference; lastKnownFileType = text.plist.xml; path = Info.plist; sourceTree = "<group>"; };
/* End PBXFileReference section */

/* Begin PBXFrameworksBuildPhase section */
		D650D06322560D320062A74D /* Frameworks */ = {
			isa = PBXFrameworksBuildPhase;
			buildActionMask = 2147483647;
			files = (
			);
			runOnlyForDeploymentPostprocessing = 0;
		};
/* End PBXFrameworksBuildPhase section */

/* Begin PBXGroup section */
		D650D05D22560D320062A74D = {
			isa = PBXGroup;
			children = (
				D650D06822560D320062A74D /* CatHeadIndicator */,
				D650D06722560D320062A74D /* Products */,
			);
			sourceTree = "<group>";
		};
		D650D06722560D320062A74D /* Products */ = {
			isa = PBXGroup;
			children = (
				D650D06622560D320062A74D /* CatHeadIndicator.app */,
			);
			name = Products;
			sourceTree = "<group>";
		};
		D650D06822560D320062A74D /* CatHeadIndicator */ = {
			isa = PBXGroup;
			children = (
				D650D06922560D320062A74D /* AppDelegate.swift */,
				D650D06B22560D330062A74D /* ViewController.swift */,
				D650D06D22560D330062A74D /* Main.storyboard */,
				D650D07322560D390062A74D /* Assets.xcassets */,
				D650D07522560D390062A74D /* LaunchScreen.storyboard */,
				D650D07822560D390062A74D /* Info.plist */,
				D650D07022560D330062A74D /* CatHeadIndicator.xcdatamodeld */,
			);
			path = CatHeadIndicator;
			sourceTree = "<group>";
		};
/* End PBXGroup section */

/* Begin PBXNativeTarget section */
		D650D06522560D320062A74D /* CatHeadIndicator */ = {
			isa = PBXNativeTarget;
			buildConfigurationList = D650D07B22560D390062A74D /* Build configuration list for PBXNativeTarget "CatHeadIndicator" */;
			buildPhases = (
				D650D06222560D320062A74D /* Sources */,
				D650D06322560D320062A74D /* Frameworks */,
				D650D06422560D320062A74D /* Resources */,
			);
			buildRules = (
			);
			dependencies = (
			);
			name = CatHeadIndicator;
			productName = CatHeadIndicator;
			productReference = D650D06622560D320062A74D /* CatHeadIndicator.app */;
			productType = "com.apple.product-type.application";
		};
/* End PBXNativeTarget section */

/* Begin PBXProject section */
		D650D05E22560D320062A74D /* Project object */ = {
			isa = PBXProject;
			attributes = {
				LastSwiftUpdateCheck = 1020;
				LastUpgradeCheck = 1020;
				ORGANIZATIONNAME = Home;
				TargetAttributes = {
					D650D06522560D320062A74D = {
						CreatedOnToolsVersion = 10.2;
					};
				};
			};
			buildConfigurationList = D650D06122560D320062A74D /* Build configuration list for PBXProject "CatHeadIndicator" */;
			compatibilityVersion = "Xcode 9.3";
			developmentRegion = en;
			hasScannedForEncodings = 0;
			knownRegions = (
				en,
				Base,
			);
			mainGroup = D650D05D22560D320062A74D;
			productRefGroup = D650D06722560D320062A74D /* Products */;
			projectDirPath = "";
			projectRoot = "";
			targets = (
				D650D06522560D320062A74D /* CatHeadIndicator */,
			);
		};
/* End PBXProject section */

/* Begin PBXResourcesBuildPhase section */
		D650D06422560D320062A74D /* Resources */ = {
			isa = PBXResourcesBuildPhase;
			buildActionMask = 2147483647;
			files = (
				D650D07722560D390062A74D /* LaunchScreen.storyboard in Resources */,
				D650D07422560D390062A74D /* Assets.xcassets in Resources */,
				D650D06F22560D330062A74D /* Main.storyboard in Resources */,
			);
			runOnlyForDeploymentPostprocessing = 0;
		};
/* End PBXResourcesBuildPhase section */

/* Begin PBXSourcesBuildPhase section */
		D650D06222560D320062A74D /* Sources */ = {
			isa = PBXSourcesBuildPhase;
			buildActionMask = 2147483647;
			files = (
				D650D06C22560D330062A74D /* ViewController.swift in Sources */,
				D650D06A22560D330062A74D /* AppDelegate.swift in Sources */,
				D650D07222560D330062A74D /* CatHeadIndicator.xcdatamodeld in Sources */,
			);
			runOnlyForDeploymentPostprocessing = 0;
		};
/* End PBXSourcesBuildPhase section */

/* Begin PBXVariantGroup section */
		D650D06D22560D330062A74D /* Main.storyboard */ = {
			isa = PBXVariantGroup;
			children = (
				D650D06E22560D330062A74D /* Base */,
			);
			name = Main.storyboard;
			sourceTree = "<group>";
		};
		D650D07522560D390062A74D /* LaunchScreen.storyboard */ = {
			isa = PBXVariantGroup;
			children = (
				D650D07622560D390062A74D /* Base */,
			);
			name = LaunchScreen.storyboard;
			sourceTree = "<group>";
		};
/* End PBXVariantGroup section */

/* Begin XCBuildConfiguration section */
		D650D07922560D390062A74D /* Debug */ = {
			isa = XCBuildConfiguration;
			buildSettings = {
				ALWAYS_SEARCH_USER_PATHS = NO;
				CLANG_ANALYZER_NONNULL = YES;
				CLANG_ANALYZER_NUMBER_OBJECT_CONVERSION = YES_AGGRESSIVE;
				CLANG_CXX_LANGUAGE_STANDARD = "gnu++14";
				CLANG_CXX_LIBRARY = "libc++";
				CLANG_ENABLE_MODULES = YES;
				CLANG_ENABLE_OBJC_ARC = YES;
				CLANG_ENABLE_OBJC_WEAK = YES;
				CLANG_WARN_BLOCK_CAPTURE_AUTORELEASING = YES;
				CLANG_WARN_BOOL_CONVERSION = YES;
				CLANG_WARN_COMMA = YES;
				CLANG_WARN_CONSTANT_CONVERSION = YES;
				CLANG_WARN_DEPRECATED_OBJC_IMPLEMENTATIONS = YES;
				CLANG_WARN_DIRECT_OBJC_ISA_USAGE = YES_ERROR;
				CLANG_WARN_DOCUMENTATION_COMMENTS = YES;
				CLANG_WARN_EMPTY_BODY = YES;
				CLANG_WARN_ENUM_CONVERSION = YES;
				CLANG_WARN_INFINITE_RECURSION = YES;
				CLANG_WARN_INT_CONVERSION = YES;
				CLANG_WARN_NON_LITERAL_NULL_CONVERSION = YES;
				CLANG_WARN_OBJC_IMPLICIT_RETAIN_SELF = YES;
				CLANG_WARN_OBJC_LITERAL_CONVERSION = YES;
				CLANG_WARN_OBJC_ROOT_CLASS = YES_ERROR;
				CLANG_WARN_RANGE_LOOP_ANALYSIS = YES;
				CLANG_WARN_STRICT_PROTOTYPES = YES;
				CLANG_WARN_SUSPICIOUS_MOVE = YES;
				CLANG_WARN_UNGUARDED_AVAILABILITY = YES_AGGRESSIVE;
				CLANG_WARN_UNREACHABLE_CODE = YES;
				CLANG_WARN__DUPLICATE_METHOD_MATCH = YES;
				CODE_SIGN_IDENTITY = "iPhone Developer";
				COPY_PHASE_STRIP = NO;
				DEBUG_INFORMATION_FORMAT = dwarf;
				ENABLE_STRICT_OBJC_MSGSEND = YES;
				ENABLE_TESTABILITY = YES;
				GCC_C_LANGUAGE_STANDARD = gnu11;
				GCC_DYNAMIC_NO_PIC = NO;
				GCC_NO_COMMON_BLOCKS = YES;
				GCC_OPTIMIZATION_LEVEL = 0;
				GCC_PREPROCESSOR_DEFINITIONS = (
					"DEBUG=1",
					"$(inherited)",
				);
				GCC_WARN_64_TO_32_BIT_CONVERSION = YES;
				GCC_WARN_ABOUT_RETURN_TYPE = YES_ERROR;
				GCC_WARN_UNDECLARED_SELECTOR = YES;
				GCC_WARN_UNINITIALIZED_AUTOS = YES_AGGRESSIVE;
				GCC_WARN_UNUSED_FUNCTION = YES;
				GCC_WARN_UNUSED_VARIABLE = YES;
				IPHONEOS_DEPLOYMENT_TARGET = 12.2;
				MTL_ENABLE_DEBUG_INFO = INCLUDE_SOURCE;
				MTL_FAST_MATH = YES;
				ONLY_ACTIVE_ARCH = YES;
				SDKROOT = iphoneos;
				SWIFT_ACTIVE_COMPILATION_CONDITIONS = DEBUG;
				SWIFT_OPTIMIZATION_LEVEL = "-Onone";
			};
			name = Debug;
		};
		D650D07A22560D390062A74D /* Release */ = {
			isa = XCBuildConfiguration;
			buildSettings = {
				ALWAYS_SEARCH_USER_PATHS = NO;
				CLANG_ANALYZER_NONNULL = YES;
				CLANG_ANALYZER_NUMBER_OBJECT_CONVERSION = YES_AGGRESSIVE;
				CLANG_CXX_LANGUAGE_STANDARD = "gnu++14";
				CLANG_CXX_LIBRARY = "libc++";
				CLANG_ENABLE_MODULES = YES;
				CLANG_ENABLE_OBJC_ARC = YES;
				CLANG_ENABLE_OBJC_WEAK = YES;
				CLANG_WARN_BLOCK_CAPTURE_AUTORELEASING = YES;
				CLANG_WARN_BOOL_CONVERSION = YES;
				CLANG_WARN_COMMA = YES;
				CLANG_WARN_CONSTANT_CONVERSION = YES;
				CLANG_WARN_DEPRECATED_OBJC_IMPLEMENTATIONS = YES;
				CLANG_WARN_DIRECT_OBJC_ISA_USAGE = YES_ERROR;
				CLANG_WARN_DOCUMENTATION_COMMENTS = YES;
				CLANG_WARN_EMPTY_BODY = YES;
				CLANG_WARN_ENUM_CONVERSION = YES;
				CLANG_WARN_INFINITE_RECURSION = YES;
				CLANG_WARN_INT_CONVERSION = YES;
				CLANG_WARN_NON_LITERAL_NULL_CONVERSION = YES;
				CLANG_WARN_OBJC_IMPLICIT_RETAIN_SELF = YES;
				CLANG_WARN_OBJC_LITERAL_CONVERSION = YES;
				CLANG_WARN_OBJC_ROOT_CLASS = YES_ERROR;
				CLANG_WARN_RANGE_LOOP_ANALYSIS = YES;
				CLANG_WARN_STRICT_PROTOTYPES = YES;
				CLANG_WARN_SUSPICIOUS_MOVE = YES;
				CLANG_WARN_UNGUARDED_AVAILABILITY = YES_AGGRESSIVE;
				CLANG_WARN_UNREACHABLE_CODE = YES;
				CLANG_WARN__DUPLICATE_METHOD_MATCH = YES;
				CODE_SIGN_IDENTITY = "iPhone Developer";
				COPY_PHASE_STRIP = NO;
				DEBUG_INFORMATION_FORMAT = "dwarf-with-dsym";
				ENABLE_NS_ASSERTIONS = NO;
				ENABLE_STRICT_OBJC_MSGSEND = YES;
				GCC_C_LANGUAGE_STANDARD = gnu11;
				GCC_NO_COMMON_BLOCKS = YES;
				GCC_WARN_64_TO_32_BIT_CONVERSION = YES;
				GCC_WARN_ABOUT_RETURN_TYPE = YES_ERROR;
				GCC_WARN_UNDECLARED_SELECTOR = YES;
				GCC_WARN_UNINITIALIZED_AUTOS = YES_AGGRESSIVE;
				GCC_WARN_UNUSED_FUNCTION = YES;
				GCC_WARN_UNUSED_VARIABLE = YES;
				IPHONEOS_DEPLOYMENT_TARGET = 12.2;
				MTL_ENABLE_DEBUG_INFO = NO;
				MTL_FAST_MATH = YES;
				SDKROOT = iphoneos;
				SWIFT_COMPILATION_MODE = wholemodule;
				SWIFT_OPTIMIZATION_LEVEL = "-O";
				VALIDATE_PRODUCT = YES;
			};
			name = Release;
		};
		D650D07C22560D390062A74D /* Debug */ = {
			isa = XCBuildConfiguration;
			buildSettings = {
				ASSETCATALOG_COMPILER_APPICON_NAME = AppIcon;
				CODE_SIGN_STYLE = Automatic;
				DEVELOPMENT_TEAM = TF56ZZML3P;
				INFOPLIST_FILE = CatHeadIndicator/Info.plist;
				LD_RUNPATH_SEARCH_PATHS = (
					"$(inherited)",
					"@executable_path/Frameworks",
				);
				PRODUCT_BUNDLE_IDENTIFIER = "Olga-Lidman.CatHeadIndicator";
				PRODUCT_NAME = "$(TARGET_NAME)";
				SWIFT_VERSION = 5.0;
				TARGETED_DEVICE_FAMILY = "1,2";
			};
			name = Debug;
		};
		D650D07D22560D390062A74D /* Release */ = {
			isa = XCBuildConfiguration;
			buildSettings = {
				ASSETCATALOG_COMPILER_APPICON_NAME = AppIcon;
				CODE_SIGN_STYLE = Automatic;
				DEVELOPMENT_TEAM = TF56ZZML3P;
				INFOPLIST_FILE = CatHeadIndicator/Info.plist;
				LD_RUNPATH_SEARCH_PATHS = (
					"$(inherited)",
					"@executable_path/Frameworks",
				);
				PRODUCT_BUNDLE_IDENTIFIER = "Olga-Lidman.CatHeadIndicator";
				PRODUCT_NAME = "$(TARGET_NAME)";
				SWIFT_VERSION = 5.0;
				TARGETED_DEVICE_FAMILY = "1,2";
			};
			name = Release;
		};
/* End XCBuildConfiguration section */

/* Begin XCConfigurationList section */
		D650D06122560D320062A74D /* Build configuration list for PBXProject "CatHeadIndicator" */ = {
			isa = XCConfigurationList;
			buildConfigurations = (
				D650D07922560D390062A74D /* Debug */,
				D650D07A22560D390062A74D /* Release */,
			);
			defaultConfigurationIsVisible = 0;
			defaultConfigurationName = Release;
		};
		D650D07B22560D390062A74D /* Build configuration list for PBXNativeTarget "CatHeadIndicator" */ = {
			isa = XCConfigurationList;
			buildConfigurations = (
				D650D07C22560D390062A74D /* Debug */,
				D650D07D22560D390062A74D /* Release */,
			);
			defaultConfigurationIsVisible = 0;
			defaultConfigurationName = Release;
		};
/* End XCConfigurationList section */

/* Begin XCVersionGroup section */
		D650D07022560D330062A74D /* CatHeadIndicator.xcdatamodeld */ = {
			isa = XCVersionGroup;
			children = (
				D650D07122560D330062A74D /* CatHeadIndicator.xcdatamodel */,
			);
			currentVersion = D650D07122560D330062A74D /* CatHeadIndicator.xcdatamodel */;
			path = CatHeadIndicator.xcdatamodeld;
			sourceTree = "<group>";
			versionGroupType = wrapper.xcdatamodel;
		};
/* End XCVersionGroup section */
	};
	rootObject = D650D05E22560D320062A74D /* Project object */;
}
